
Microsoft Visual Studio Solution File, Format Version 11.00
# Visual Studio 2010
Project("{FAE04EC0-301F-11D3-BF4B-00C04F79EFBC}") = "Assembly-CSharp", "Assembly-CSharp.csproj", "{db457434-0296-32c7-f374-753f6198cc0b}"
EndProject
Project("{FAE04EC0-301F-11D3-BF4B-00C04F79EFBC}") = "PhotonUnityNetworking.Demos", "PhotonUnityNetworking.Demos.csproj", "{dd4019b8-fd1d-bcde-5749-38e6542b69f6}"
EndProject
Project("{FAE04EC0-301F-11D3-BF4B-00C04F79EFBC}") = "PhotonUnityNetworking.Utilities", "PhotonUnityNetworking.Utilities.csproj", "{f2282886-071f-8cbf-4117-4c87095eb42f}"
EndProject
Project("{FAE04EC0-301F-11D3-BF4B-00C04F79EFBC}") = "PhotonChat", "PhotonChat.csproj", "{6aa13693-db51-e331-668b-d6086cdd66a9}"
EndProject
Project("{FAE04EC0-301F-11D3-BF4B-00C04F79EFBC}") = "PhotonUnityNetworking", "PhotonUnityNetworking.csproj", "{4fe3b4f6-bd27-046f-3f7e-7f3b4dfbbd46}"
EndProject
Project("{FAE04EC0-301F-11D3-BF4B-00C04F79EFBC}") = "PhotonRealtime", "PhotonRealtime.csproj", "{19007d2b-4352-97e2-55e7-9a14ac0884fb}"
EndProject
Project("{FAE04EC0-301F-11D3-BF4B-00C04F79EFBC}") = "PhotonWebSocket", "PhotonWebSocket.csproj", "{071c3876-306c-1155-acbe-bb65b6465fed}"
EndProject
Project("{FAE04EC0-301F-11D3-BF4B-00C04F79EFBC}") = "Assembly-CSharp-Editor", "Assembly-CSharp-Editor.csproj", "{2b79976c-2b3b-fa6c-962a-0d73c44894a6}"
EndProject
Project("{FAE04EC0-301F-11D3-BF4B-00C04F79EFBC}") = "PhotonUnityNetworking.Editor", "PhotonUnityNetworking.Editor.csproj", "{26aaf7e5-5a23-88ed-80c9-97c5933a6bbc}"
EndProject
Project("{FAE04EC0-301F-11D3-BF4B-00C04F79EFBC}") = "PunDemos.DemoHubEditor", "PunDemos.DemoHubEditor.csproj", "{796f2048-e4cc-956c-e9d8-a11f7e8467ab}"
EndProject
Project("{FAE04EC0-301F-11D3-BF4B-00C04F79EFBC}") = "PhotonUnityNetworking.Utilities.PhotonPlayer.Editor", "PhotonUnityNetworking.Utilities.PhotonPlayer.Editor.csproj", "{68b2a8b2-a3bd-d00e-89fb-a0f08b8f7c59}"
EndProject
Project("{FAE04EC0-301F-11D3-BF4B-00C04F79EFBC}") = "PhotonUnityNetworking.Utilities.Culling.Editor", "PhotonUnityNetworking.Utilities.Culling.Editor.csproj", "{b6df9432-6210-e523-c700-07d800cf7327}"
EndProject
Project("{FAE04EC0-301F-11D3-BF4B-00C04F79EFBC}") = "PunDemos.DemoSlotcarEditor", "PunDemos.DemoSlotcarEditor.csproj", "{ff749858-5755-61e7-36e3-d42939ad5ec7}"
EndProject
Global
	GlobalSection(SolutionConfigurationPlatforms) = preSolution
		Debug|Any CPU = Debug|Any CPU
		Release|Any CPU = Release|Any CPU
	EndGlobalSection
	GlobalSection(ProjectConfigurationPlatforms) = postSolution
		{db457434-0296-32c7-f374-753f6198cc0b}.Debug|Any CPU.ActiveCfg = Debug|Any CPU
		{db457434-0296-32c7-f374-753f6198cc0b}.Debug|Any CPU.Build.0 = Debug|Any CPU
		{db457434-0296-32c7-f374-753f6198cc0b}.Release|Any CPU.ActiveCfg = Release|Any CPU
		{db457434-0296-32c7-f374-753f6198cc0b}.Release|Any CPU.Build.0 = Release|Any CPU
		{dd4019b8-fd1d-bcde-5749-38e6542b69f6}.Debug|Any CPU.ActiveCfg = Debug|Any CPU
		{dd4019b8-fd1d-bcde-5749-38e6542b69f6}.Debug|Any CPU.Build.0 = Debug|Any CPU
		{dd4019b8-fd1d-bcde-5749-38e6542b69f6}.Release|Any CPU.ActiveCfg = Release|Any CPU
		{dd4019b8-fd1d-bcde-5749-38e6542b69f6}.Release|Any CPU.Build.0 = Release|Any CPU
		{f2282886-071f-8cbf-4117-4c87095eb42f}.Debug|Any CPU.ActiveCfg = Debug|Any CPU
		{f2282886-071f-8cbf-4117-4c87095eb42f}.Debug|Any CPU.Build.0 = Debug|Any CPU
		{f2282886-071f-8cbf-4117-4c87095eb42f}.Release|Any CPU.ActiveCfg = Release|Any CPU
		{f2282886-071f-8cbf-4117-4c87095eb42f}.Release|Any CPU.Build.0 = Release|Any CPU
		{6aa13693-db51-e331-668b-d6086cdd66a9}.Debug|Any CPU.ActiveCfg = Debug|Any CPU
		{6aa13693-db51-e331-668b-d6086cdd66a9}.Debug|Any CPU.Build.0 = Debug|Any CPU
		{6aa13693-db51-e331-668b-d6086cdd66a9}.Release|Any CPU.ActiveCfg = Release|Any CPU
		{6aa13693-db51-e331-668b-d6086cdd66a9}.Release|Any CPU.Build.0 = Release|Any CPU
		{4fe3b4f6-bd27-046f-3f7e-7f3b4dfbbd46}.Debug|Any CPU.ActiveCfg = Debug|Any CPU
		{4fe3b4f6-bd27-046f-3f7e-7f3b4dfbbd46}.Debug|Any CPU.Build.0 = Debug|Any CPU
		{4fe3b4f6-bd27-046f-3f7e-7f3b4dfbbd46}.Release|Any CPU.ActiveCfg = Release|Any CPU
		{4fe3b4f6-bd27-046f-3f7e-7f3b4dfbbd46}.Release|Any CPU.Build.0 = Release|Any CPU
		{19007d2b-4352-97e2-55e7-9a14ac0884fb}.Debug|Any CPU.ActiveCfg = Debug|Any CPU
		{19007d2b-4352-97e2-55e7-9a14ac0884fb}.Debug|Any CPU.Build.0 = Debug|Any CPU
		{19007d2b-4352-97e2-55e7-9a14ac0884fb}.Release|Any CPU.ActiveCfg = Release|Any CPU
		{19007d2b-4352-97e2-55e7-9a14ac0884fb}.Release|Any CPU.Build.0 = Release|Any CPU
		{071c3876-306c-1155-acbe-bb65b6465fed}.Debug|Any CPU.ActiveCfg = Debug|Any CPU
		{071c3876-306c-1155-acbe-bb65b6465fed}.Debug|Any CPU.Build.0 = Debug|Any CPU
		{071c3876-306c-1155-acbe-bb65b6465fed}.Release|Any CPU.ActiveCfg = Release|Any CPU
		{071c3876-306c-1155-acbe-bb65b6465fed}.Release|Any CPU.Build.0 = Release|Any CPU
		{2b79976c-2b3b-fa6c-962a-0d73c44894a6}.Debug|Any CPU.ActiveCfg = Debug|Any CPU
		{2b79976c-2b3b-fa6c-962a-0d73c44894a6}.Debug|Any CPU.Build.0 = Debug|Any CPU
		{2b79976c-2b3b-fa6c-962a-0d73c44894a6}.Release|Any CPU.ActiveCfg = Release|Any CPU
		{2b79976c-2b3b-fa6c-962a-0d73c44894a6}.Release|Any CPU.Build.0 = Release|Any CPU
		{26aaf7e5-5a23-88ed-80c9-97c5933a6bbc}.Debug|Any CPU.ActiveCfg = Debug|Any CPU
		{26aaf7e5-5a23-88ed-80c9-97c5933a6bbc}.Debug|Any CPU.Build.0 = Debug|Any CPU
		{26aaf7e5-5a23-88ed-80c9-97c5933a6bbc}.Release|Any CPU.ActiveCfg = Release|Any CPU
		{26aaf7e5-5a23-88ed-80c9-97c5933a6bbc}.Release|Any CPU.Build.0 = Release|Any CPU
		{796f2048-e4cc-956c-e9d8-a11f7e8467ab}.Debug|Any CPU.ActiveCfg = Debug|Any CPU
		{796f2048-e4cc-956c-e9d8-a11f7e8467ab}.Debug|Any CPU.Build.0 = Debug|Any CPU
		{796f2048-e4cc-956c-e9d8-a11f7e8467ab}.Release|Any CPU.ActiveCfg = Release|Any CPU
		{796f2048-e4cc-956c-e9d8-a11f7e8467ab}.Release|Any CPU.Build.0 = Release|Any CPU
		{68b2a8b2-a3bd-d00e-89fb-a0f08b8f7c59}.Debug|Any CPU.ActiveCfg = Debug|Any CPU
		{68b2a8b2-a3bd-d00e-89fb-a0f08b8f7c59}.Debug|Any CPU.Build.0 = Debug|Any CPU
		{68b2a8b2-a3bd-d00e-89fb-a0f08b8f7c59}.Release|Any CPU.ActiveCfg = Release|Any CPU
		{68b2a8b2-a3bd-d00e-89fb-a0f08b8f7c59}.Release|Any CPU.Build.0 = Release|Any CPU
		{b6df9432-6210-e523-c700-07d800cf7327}.Debug|Any CPU.ActiveCfg = Debug|Any CPU
		{b6df9432-6210-e523-c700-07d800cf7327}.Debug|Any CPU.Build.0 = Debug|Any CPU
		{b6df9432-6210-e523-c700-07d800cf7327}.Release|Any CPU.ActiveCfg = Release|Any CPU
		{b6df9432-6210-e523-c700-07d800cf7327}.Release|Any CPU.Build.0 = Release|Any CPU
		{ff749858-5755-61e7-36e3-d42939ad5ec7}.Debug|Any CPU.ActiveCfg = Debug|Any CPU
		{ff749858-5755-61e7-36e3-d42939ad5ec7}.Debug|Any CPU.Build.0 = Debug|Any CPU
		{ff749858-5755-61e7-36e3-d42939ad5ec7}.Release|Any CPU.ActiveCfg = Release|Any CPU
		{ff749858-5755-61e7-36e3-d42939ad5ec7}.Release|Any CPU.Build.0 = Release|Any CPU
	EndGlobalSection
	GlobalSection(SolutionProperties) = preSolution
		HideSolutionNode = FALSE
	EndGlobalSection
EndGlobal
